
Microsoft Visual Studio Solution File, Format Version 12.00
# Visual Studio Version 17
VisualStudioVersion = 17.1.32407.343
MinimumVisualStudioVersion = 10.0.40219.1
Project("{8BC9CEB8-8B4A-11D0-8D11-00A0C91BC942}") = "Project1", "Project1\Project1.vcxproj", "{1F341BBC-2DDD-457F-BDA3-4051FE90EE07}"
EndProject
Global
	GlobalSection(SolutionConfigurationPlatforms) = preSolution
		Debug|x64 = Debug|x64
		Debug|x86 = Debug|x86
		Release|x64 = Release|x64
		Release|x86 = Release|x86
	EndGlobalSection
	GlobalSection(ProjectConfigurationPlatforms) = postSolution
		{1F341BBC-2DDD-457F-BDA3-4051FE90EE07}.Debug|x64.ActiveCfg = Debug|x64
		{1F341BBC-2DDD-457F-BDA3-4051FE90EE07}.Debug|x64.Build.0 = Debug|x64
		{1F341BBC-2DDD-457F-BDA3-4051FE90EE07}.Debug|x86.ActiveCfg = Debug|Win32
		{1F341BBC-2DDD-457F-BDA3-4051FE90EE07}.Debug|x86.Build.0 = Debug|Win32
		{1F341BBC-2DDD-457F-BDA3-4051FE90EE07}.Release|x64.ActiveCfg = Release|x64
		{1F341BBC-2DDD-457F-BDA3-4051FE90EE07}.Release|x64.Build.0 = Release|x64
		{1F341BBC-2DDD-457F-BDA3-4051FE90EE07}.Release|x86.ActiveCfg = Release|Win32
		{1F341BBC-2DDD-457F-BDA3-4051FE90EE07}.Release|x86.Build.0 = Release|Win32
	EndGlobalSection
	GlobalSection(SolutionProperties) = preSolution
		HideSolutionNode = FALSE
	EndGlobalSection
	GlobalSection(ExtensibilityGlobals) = postSolution
		SolutionGuid = {C8F1647B-114A-44B3-823B-45C9BE5AF754}
	EndGlobalSection
EndGlobal
